
Microsoft Visual Studio Solution File, Format Version 12.00
# Visual Studio Version 17
VisualStudioVersion = 17.8.34309.116
MinimumVisualStudioVersion = 10.0.40219.1
Project("{FAE04EC0-301F-11D3-BF4B-00C04F79EFBC}") = "TestGitHub3", "TestGitHub3\TestGitHub3.csproj", "{1D8F3FDC-B0F7-44DE-A728-9F6056CA6BE2}"
EndProject
Global
	GlobalSection(SolutionConfigurationPlatforms) = preSolution
		Debug|Any CPU = Debug|Any CPU
		Release|Any CPU = Release|Any CPU
	EndGlobalSection
	GlobalSection(ProjectConfigurationPlatforms) = postSolution
		{1D8F3FDC-B0F7-44DE-A728-9F6056CA6BE2}.Debug|Any CPU.ActiveCfg = Debug|Any CPU
		{1D8F3FDC-B0F7-44DE-A728-9F6056CA6BE2}.Debug|Any CPU.Build.0 = Debug|Any CPU
		{1D8F3FDC-B0F7-44DE-A728-9F6056CA6BE2}.Release|Any CPU.ActiveCfg = Release|Any CPU
		{1D8F3FDC-B0F7-44DE-A728-9F6056CA6BE2}.Release|Any CPU.Build.0 = Release|Any CPU
	EndGlobalSection
	GlobalSection(SolutionProperties) = preSolution
		HideSolutionNode = FALSE
	EndGlobalSection
	GlobalSection(ExtensibilityGlobals) = postSolution
		SolutionGuid = {178DE372-BEA1-4D3B-B2C9-4756C96A9181}
	EndGlobalSection
EndGlobal
